
Microsoft Visual Studio Solution File, Format Version 12.00
# Visual Studio Version 17
VisualStudioVersion = 17.3.32922.545
MinimumVisualStudioVersion = 10.0.40219.1
Project("{FAE04EC0-301F-11D3-BF4B-00C04F79EFBC}") = "noteApp", "noteApp\noteApp.csproj", "{6C44B6FE-EF27-4C1E-865F-90BCE4E38E73}"
EndProject
Global
	GlobalSection(SolutionConfigurationPlatforms) = preSolution
		Debug|Any CPU = Debug|Any CPU
		Release|Any CPU = Release|Any CPU
	EndGlobalSection
	GlobalSection(ProjectConfigurationPlatforms) = postSolution
		{6C44B6FE-EF27-4C1E-865F-90BCE4E38E73}.Debug|Any CPU.ActiveCfg = Debug|Any CPU
		{6C44B6FE-EF27-4C1E-865F-90BCE4E38E73}.Debug|Any CPU.Build.0 = Debug|Any CPU
		{6C44B6FE-EF27-4C1E-865F-90BCE4E38E73}.Release|Any CPU.ActiveCfg = Release|Any CPU
		{6C44B6FE-EF27-4C1E-865F-90BCE4E38E73}.Release|Any CPU.Build.0 = Release|Any CPU
	EndGlobalSection
	GlobalSection(SolutionProperties) = preSolution
		HideSolutionNode = FALSE
	EndGlobalSection
	GlobalSection(ExtensibilityGlobals) = postSolution
		SolutionGuid = {EFA550C6-CABF-4466-93E6-AA8EA43F6849}
	EndGlobalSection
EndGlobal
